
Microsoft Visual Studio Solution File, Format Version 12.00
# Visual Studio Version 17
VisualStudioVersion = 17.9.34902.65
MinimumVisualStudioVersion = 10.0.40219.1
Project("{9A19103F-16F7-4668-BE54-9A1E7A4F7556}") = "TimePickerExample", "TimePickerExample\TimePickerExample.csproj", "{4E4661FE-AC0C-432C-987E-ABBFA7BC9567}"
EndProject
Project("{9A19103F-16F7-4668-BE54-9A1E7A4F7556}") = "TimePickerExample.Desktop", "TimePickerExample.Desktop\TimePickerExample.Desktop.csproj", "{10BC1503-9A66-42A1-9BFA-80D5787461CE}"
EndProject
Global
	GlobalSection(SolutionConfigurationPlatforms) = preSolution
		Debug|Any CPU = Debug|Any CPU
		Release|Any CPU = Release|Any CPU
	EndGlobalSection
	GlobalSection(ProjectConfigurationPlatforms) = postSolution
		{4E4661FE-AC0C-432C-987E-ABBFA7BC9567}.Debug|Any CPU.ActiveCfg = Debug|Any CPU
		{4E4661FE-AC0C-432C-987E-ABBFA7BC9567}.Debug|Any CPU.Build.0 = Debug|Any CPU
		{4E4661FE-AC0C-432C-987E-ABBFA7BC9567}.Release|Any CPU.ActiveCfg = Release|Any CPU
		{4E4661FE-AC0C-432C-987E-ABBFA7BC9567}.Release|Any CPU.Build.0 = Release|Any CPU
		{10BC1503-9A66-42A1-9BFA-80D5787461CE}.Debug|Any CPU.ActiveCfg = Debug|Any CPU
		{10BC1503-9A66-42A1-9BFA-80D5787461CE}.Debug|Any CPU.Build.0 = Debug|Any CPU
		{10BC1503-9A66-42A1-9BFA-80D5787461CE}.Release|Any CPU.ActiveCfg = Release|Any CPU
		{10BC1503-9A66-42A1-9BFA-80D5787461CE}.Release|Any CPU.Build.0 = Release|Any CPU
	EndGlobalSection
	GlobalSection(SolutionProperties) = preSolution
		HideSolutionNode = FALSE
	EndGlobalSection
	GlobalSection(ExtensibilityGlobals) = postSolution
		SolutionGuid = {F8B33CF6-C1C2-473A-BE9D-8AC4B633A414}
	EndGlobalSection
EndGlobal
